
Microsoft Visual Studio Solution File, Format Version 11.00
# Visual Studio 2010
Project("{FAE04EC0-301F-11D3-BF4B-00C04F79EFBC}") = "EricMediaCenter", "EricMediaCenter\EricMediaCenter.csproj", "{0F3348E9-DC95-41AA-A316-81398188F76A}"
EndProject
Project("{FAE04EC0-301F-11D3-BF4B-00C04F79EFBC}") = "EMCMasterPluginLib", "EMCMasterPluginLib\EMCMasterPluginLib.csproj", "{71F195E1-12C6-42BE-97DF-6D685A3D2CC0}"
EndProject
Project("{FAE04EC0-301F-11D3-BF4B-00C04F79EFBC}") = "EricUtility2011", "EricUtility\EricUtility2011.csproj", "{E88C4AEF-1B0B-45C0-A08D-CBCDA35C1E62}"
EndProject
Project("{FAE04EC0-301F-11D3-BF4B-00C04F79EFBC}") = "EricUtilityCollections2011", "EricUtilityCollections\EricUtilityCollections2011.csproj", "{E6120916-9399-4BF5-8F95-19D79DF74067}"
EndProject
Project("{FAE04EC0-301F-11D3-BF4B-00C04F79EFBC}") = "EricUtilityNetworking2011", "EricUtilityNetworking\EricUtilityNetworking2011.csproj", "{980F8DE9-2F6E-4A96-849D-23754B364271}"
EndProject
Project("{FAE04EC0-301F-11D3-BF4B-00C04F79EFBC}") = "EricUtilityWinForms2011", "EricUtilityWinForms\EricUtilityWinForms2011.csproj", "{ABF7D9DE-3646-4737-8EFC-5C3D5FD1CFA5}"
EndProject
Project("{FAE04EC0-301F-11D3-BF4B-00C04F79EFBC}") = "EMCAppTestPlugin", "EMCAppTestPlugin\EMCAppTestPlugin.csproj", "{64EF3406-71F7-4FF5-8765-867D8F7F1C84}"
EndProject
Project("{FAE04EC0-301F-11D3-BF4B-00C04F79EFBC}") = "EMCRestService", "EMCRestService\EMCRestService.csproj", "{4C539942-39A3-4F4F-9634-1ABBD2F291EA}"
EndProject
Project("{FAE04EC0-301F-11D3-BF4B-00C04F79EFBC}") = "WatchSeriesAppPlugin", "WatchSeriesAppPlugin\WatchSeriesAppPlugin.csproj", "{733D0B54-E4F3-4F67-B151-1607E73FDF04}"
EndProject
Project("{FAE04EC0-301F-11D3-BF4B-00C04F79EFBC}") = "EMCTestWSPlugin", "EMCTestWSPlugin\EMCTestWSPlugin.csproj", "{897B0044-BC62-42AE-B9B2-7E2DA6E8528C}"
EndProject
Project("{FAE04EC0-301F-11D3-BF4B-00C04F79EFBC}") = "EMCWatchSeriesWSPlugin", "EMCWatchSeriesWSPlugin\EMCWatchSeriesWSPlugin.csproj", "{269B6241-78C7-40AE-8D93-10EB630A873F}"
EndProject
Global
	GlobalSection(SubversionScc) = preSolution
		Svn-Managed = True
		Manager = AnkhSVN - Subversion Support for Visual Studio
	EndGlobalSection
	GlobalSection(SolutionConfigurationPlatforms) = preSolution
		Debug|Any CPU = Debug|Any CPU
		Debug|Mixed Platforms = Debug|Mixed Platforms
		Debug|x86 = Debug|x86
		Release|Any CPU = Release|Any CPU
		Release|Mixed Platforms = Release|Mixed Platforms
		Release|x86 = Release|x86
		TestLive|Any CPU = TestLive|Any CPU
		TestLive|Mixed Platforms = TestLive|Mixed Platforms
		TestLive|x86 = TestLive|x86
	EndGlobalSection
	GlobalSection(ProjectConfigurationPlatforms) = postSolution
		{0F3348E9-DC95-41AA-A316-81398188F76A}.Debug|Any CPU.ActiveCfg = Debug|x86
		{0F3348E9-DC95-41AA-A316-81398188F76A}.Debug|Mixed Platforms.ActiveCfg = Debug|x86
		{0F3348E9-DC95-41AA-A316-81398188F76A}.Debug|Mixed Platforms.Build.0 = Debug|x86
		{0F3348E9-DC95-41AA-A316-81398188F76A}.Debug|x86.ActiveCfg = Debug|x86
		{0F3348E9-DC95-41AA-A316-81398188F76A}.Debug|x86.Build.0 = Debug|x86
		{0F3348E9-DC95-41AA-A316-81398188F76A}.Release|Any CPU.ActiveCfg = Release|x86
		{0F3348E9-DC95-41AA-A316-81398188F76A}.Release|Mixed Platforms.ActiveCfg = Release|x86
		{0F3348E9-DC95-41AA-A316-81398188F76A}.Release|Mixed Platforms.Build.0 = Release|x86
		{0F3348E9-DC95-41AA-A316-81398188F76A}.Release|x86.ActiveCfg = Release|x86
		{0F3348E9-DC95-41AA-A316-81398188F76A}.Release|x86.Build.0 = Release|x86
		{0F3348E9-DC95-41AA-A316-81398188F76A}.TestLive|Any CPU.ActiveCfg = TestLive|x86
		{0F3348E9-DC95-41AA-A316-81398188F76A}.TestLive|Mixed Platforms.ActiveCfg = TestLive|x86
		{0F3348E9-DC95-41AA-A316-81398188F76A}.TestLive|Mixed Platforms.Build.0 = TestLive|x86
		{0F3348E9-DC95-41AA-A316-81398188F76A}.TestLive|x86.ActiveCfg = TestLive|x86
		{0F3348E9-DC95-41AA-A316-81398188F76A}.TestLive|x86.Build.0 = TestLive|x86
		{71F195E1-12C6-42BE-97DF-6D685A3D2CC0}.Debug|Any CPU.ActiveCfg = Debug|Any CPU
		{71F195E1-12C6-42BE-97DF-6D685A3D2CC0}.Debug|Any CPU.Build.0 = Debug|Any CPU
		{71F195E1-12C6-42BE-97DF-6D685A3D2CC0}.Debug|Mixed Platforms.ActiveCfg = Debug|Any CPU
		{71F195E1-12C6-42BE-97DF-6D685A3D2CC0}.Debug|Mixed Platforms.Build.0 = Debug|Any CPU
		{71F195E1-12C6-42BE-97DF-6D685A3D2CC0}.Debug|x86.ActiveCfg = Debug|Any CPU
		{71F195E1-12C6-42BE-97DF-6D685A3D2CC0}.Release|Any CPU.ActiveCfg = Release|Any CPU
		{71F195E1-12C6-42BE-97DF-6D685A3D2CC0}.Release|Any CPU.Build.0 = Release|Any CPU
		{71F195E1-12C6-42BE-97DF-6D685A3D2CC0}.Release|Mixed Platforms.ActiveCfg = Release|Any CPU
		{71F195E1-12C6-42BE-97DF-6D685A3D2CC0}.Release|Mixed Platforms.Build.0 = Release|Any CPU
		{71F195E1-12C6-42BE-97DF-6D685A3D2CC0}.Release|x86.ActiveCfg = Release|Any CPU
		{71F195E1-12C6-42BE-97DF-6D685A3D2CC0}.TestLive|Any CPU.ActiveCfg = TestLive|Any CPU
		{71F195E1-12C6-42BE-97DF-6D685A3D2CC0}.TestLive|Any CPU.Build.0 = TestLive|Any CPU
		{71F195E1-12C6-42BE-97DF-6D685A3D2CC0}.TestLive|Mixed Platforms.ActiveCfg = TestLive|Any CPU
		{71F195E1-12C6-42BE-97DF-6D685A3D2CC0}.TestLive|Mixed Platforms.Build.0 = TestLive|Any CPU
		{71F195E1-12C6-42BE-97DF-6D685A3D2CC0}.TestLive|x86.ActiveCfg = TestLive|Any CPU
		{E88C4AEF-1B0B-45C0-A08D-CBCDA35C1E62}.Debug|Any CPU.ActiveCfg = Debug|Any CPU
		{E88C4AEF-1B0B-45C0-A08D-CBCDA35C1E62}.Debug|Any CPU.Build.0 = Debug|Any CPU
		{E88C4AEF-1B0B-45C0-A08D-CBCDA35C1E62}.Debug|Mixed Platforms.ActiveCfg = Debug|Any CPU
		{E88C4AEF-1B0B-45C0-A08D-CBCDA35C1E62}.Debug|Mixed Platforms.Build.0 = Debug|Any CPU
		{E88C4AEF-1B0B-45C0-A08D-CBCDA35C1E62}.Debug|x86.ActiveCfg = Debug|Any CPU
		{E88C4AEF-1B0B-45C0-A08D-CBCDA35C1E62}.Release|Any CPU.ActiveCfg = Release|Any CPU
		{E88C4AEF-1B0B-45C0-A08D-CBCDA35C1E62}.Release|Any CPU.Build.0 = Release|Any CPU
		{E88C4AEF-1B0B-45C0-A08D-CBCDA35C1E62}.Release|Mixed Platforms.ActiveCfg = Release|Any CPU
		{E88C4AEF-1B0B-45C0-A08D-CBCDA35C1E62}.Release|Mixed Platforms.Build.0 = Release|Any CPU
		{E88C4AEF-1B0B-45C0-A08D-CBCDA35C1E62}.Release|x86.ActiveCfg = Release|Any CPU
		{E88C4AEF-1B0B-45C0-A08D-CBCDA35C1E62}.TestLive|Any CPU.ActiveCfg = TestLive|Any CPU
		{E88C4AEF-1B0B-45C0-A08D-CBCDA35C1E62}.TestLive|Any CPU.Build.0 = TestLive|Any CPU
		{E88C4AEF-1B0B-45C0-A08D-CBCDA35C1E62}.TestLive|Mixed Platforms.ActiveCfg = TestLive|Any CPU
		{E88C4AEF-1B0B-45C0-A08D-CBCDA35C1E62}.TestLive|Mixed Platforms.Build.0 = TestLive|Any CPU
		{E88C4AEF-1B0B-45C0-A08D-CBCDA35C1E62}.TestLive|x86.ActiveCfg = TestLive|Any CPU
		{E6120916-9399-4BF5-8F95-19D79DF74067}.Debug|Any CPU.ActiveCfg = Debug|Any CPU
		{E6120916-9399-4BF5-8F95-19D79DF74067}.Debug|Any CPU.Build.0 = Debug|Any CPU
		{E6120916-9399-4BF5-8F95-19D79DF74067}.Debug|Mixed Platforms.ActiveCfg = Debug|Any CPU
		{E6120916-9399-4BF5-8F95-19D79DF74067}.Debug|Mixed Platforms.Build.0 = Debug|Any CPU
		{E6120916-9399-4BF5-8F95-19D79DF74067}.Debug|x86.ActiveCfg = Debug|Any CPU
		{E6120916-9399-4BF5-8F95-19D79DF74067}.Release|Any CPU.ActiveCfg = Release|Any CPU
		{E6120916-9399-4BF5-8F95-19D79DF74067}.Release|Any CPU.Build.0 = Release|Any CPU
		{E6120916-9399-4BF5-8F95-19D79DF74067}.Release|Mixed Platforms.ActiveCfg = Release|Any CPU
		{E6120916-9399-4BF5-8F95-19D79DF74067}.Release|Mixed Platforms.Build.0 = Release|Any CPU
		{E6120916-9399-4BF5-8F95-19D79DF74067}.Release|x86.ActiveCfg = Release|Any CPU
		{E6120916-9399-4BF5-8F95-19D79DF74067}.TestLive|Any CPU.ActiveCfg = TestLive|Any CPU
		{E6120916-9399-4BF5-8F95-19D79DF74067}.TestLive|Any CPU.Build.0 = TestLive|Any CPU
		{E6120916-9399-4BF5-8F95-19D79DF74067}.TestLive|Mixed Platforms.ActiveCfg = TestLive|Any CPU
		{E6120916-9399-4BF5-8F95-19D79DF74067}.TestLive|Mixed Platforms.Build.0 = TestLive|Any CPU
		{E6120916-9399-4BF5-8F95-19D79DF74067}.TestLive|x86.ActiveCfg = TestLive|Any CPU
		{980F8DE9-2F6E-4A96-849D-23754B364271}.Debug|Any CPU.ActiveCfg = Debug|Any CPU
		{980F8DE9-2F6E-4A96-849D-23754B364271}.Debug|Any CPU.Build.0 = Debug|Any CPU
		{980F8DE9-2F6E-4A96-849D-23754B364271}.Debug|Mixed Platforms.ActiveCfg = Debug|Any CPU
		{980F8DE9-2F6E-4A96-849D-23754B364271}.Debug|Mixed Platforms.Build.0 = Debug|Any CPU
		{980F8DE9-2F6E-4A96-849D-23754B364271}.Debug|x86.ActiveCfg = Debug|Any CPU
		{980F8DE9-2F6E-4A96-849D-23754B364271}.Release|Any CPU.ActiveCfg = Release|Any CPU
		{980F8DE9-2F6E-4A96-849D-23754B364271}.Release|Any CPU.Build.0 = Release|Any CPU
		{980F8DE9-2F6E-4A96-849D-23754B364271}.Release|Mixed Platforms.ActiveCfg = Release|Any CPU
		{980F8DE9-2F6E-4A96-849D-23754B364271}.Release|Mixed Platforms.Build.0 = Release|Any CPU
		{980F8DE9-2F6E-4A96-849D-23754B364271}.Release|x86.ActiveCfg = Release|Any CPU
		{980F8DE9-2F6E-4A96-849D-23754B364271}.TestLive|Any CPU.ActiveCfg = TestLive|Any CPU
		{980F8DE9-2F6E-4A96-849D-23754B364271}.TestLive|Any CPU.Build.0 = TestLive|Any CPU
		{980F8DE9-2F6E-4A96-849D-23754B364271}.TestLive|Mixed Platforms.ActiveCfg = TestLive|Any CPU
		{980F8DE9-2F6E-4A96-849D-23754B364271}.TestLive|Mixed Platforms.Build.0 = TestLive|Any CPU
		{980F8DE9-2F6E-4A96-849D-23754B364271}.TestLive|x86.ActiveCfg = TestLive|Any CPU
		{ABF7D9DE-3646-4737-8EFC-5C3D5FD1CFA5}.Debug|Any CPU.ActiveCfg = Debug|Any CPU
		{ABF7D9DE-3646-4737-8EFC-5C3D5FD1CFA5}.Debug|Any CPU.Build.0 = Debug|Any CPU
		{ABF7D9DE-3646-4737-8EFC-5C3D5FD1CFA5}.Debug|Mixed Platforms.ActiveCfg = Debug|Any CPU
		{ABF7D9DE-3646-4737-8EFC-5C3D5FD1CFA5}.Debug|Mixed Platforms.Build.0 = Debug|Any CPU
		{ABF7D9DE-3646-4737-8EFC-5C3D5FD1CFA5}.Debug|x86.ActiveCfg = Debug|Any CPU
		{ABF7D9DE-3646-4737-8EFC-5C3D5FD1CFA5}.Release|Any CPU.ActiveCfg = Release|Any CPU
		{ABF7D9DE-3646-4737-8EFC-5C3D5FD1CFA5}.Release|Any CPU.Build.0 = Release|Any CPU
		{ABF7D9DE-3646-4737-8EFC-5C3D5FD1CFA5}.Release|Mixed Platforms.ActiveCfg = Release|Any CPU
		{ABF7D9DE-3646-4737-8EFC-5C3D5FD1CFA5}.Release|Mixed Platforms.Build.0 = Release|Any CPU
		{ABF7D9DE-3646-4737-8EFC-5C3D5FD1CFA5}.Release|x86.ActiveCfg = Release|Any CPU
		{ABF7D9DE-3646-4737-8EFC-5C3D5FD1CFA5}.TestLive|Any CPU.ActiveCfg = TestLive|Any CPU
		{ABF7D9DE-3646-4737-8EFC-5C3D5FD1CFA5}.TestLive|Any CPU.Build.0 = TestLive|Any CPU
		{ABF7D9DE-3646-4737-8EFC-5C3D5FD1CFA5}.TestLive|Mixed Platforms.ActiveCfg = TestLive|Any CPU
		{ABF7D9DE-3646-4737-8EFC-5C3D5FD1CFA5}.TestLive|Mixed Platforms.Build.0 = TestLive|Any CPU
		{ABF7D9DE-3646-4737-8EFC-5C3D5FD1CFA5}.TestLive|x86.ActiveCfg = TestLive|Any CPU
		{64EF3406-71F7-4FF5-8765-867D8F7F1C84}.Debug|Any CPU.ActiveCfg = Debug|Any CPU
		{64EF3406-71F7-4FF5-8765-867D8F7F1C84}.Debug|Any CPU.Build.0 = Debug|Any CPU
		{64EF3406-71F7-4FF5-8765-867D8F7F1C84}.Debug|Mixed Platforms.ActiveCfg = Debug|Any CPU
		{64EF3406-71F7-4FF5-8765-867D8F7F1C84}.Debug|Mixed Platforms.Build.0 = Debug|Any CPU
		{64EF3406-71F7-4FF5-8765-867D8F7F1C84}.Debug|x86.ActiveCfg = Debug|Any CPU
		{64EF3406-71F7-4FF5-8765-867D8F7F1C84}.Release|Any CPU.ActiveCfg = Release|Any CPU
		{64EF3406-71F7-4FF5-8765-867D8F7F1C84}.Release|Any CPU.Build.0 = Release|Any CPU
		{64EF3406-71F7-4FF5-8765-867D8F7F1C84}.Release|Mixed Platforms.ActiveCfg = Release|Any CPU
		{64EF3406-71F7-4FF5-8765-867D8F7F1C84}.Release|Mixed Platforms.Build.0 = Release|Any CPU
		{64EF3406-71F7-4FF5-8765-867D8F7F1C84}.Release|x86.ActiveCfg = Release|Any CPU
		{64EF3406-71F7-4FF5-8765-867D8F7F1C84}.TestLive|Any CPU.ActiveCfg = TestLive|Any CPU
		{64EF3406-71F7-4FF5-8765-867D8F7F1C84}.TestLive|Any CPU.Build.0 = TestLive|Any CPU
		{64EF3406-71F7-4FF5-8765-867D8F7F1C84}.TestLive|Mixed Platforms.ActiveCfg = TestLive|Any CPU
		{64EF3406-71F7-4FF5-8765-867D8F7F1C84}.TestLive|Mixed Platforms.Build.0 = TestLive|Any CPU
		{64EF3406-71F7-4FF5-8765-867D8F7F1C84}.TestLive|x86.ActiveCfg = TestLive|Any CPU
		{4C539942-39A3-4F4F-9634-1ABBD2F291EA}.Debug|Any CPU.ActiveCfg = Debug|Any CPU
		{4C539942-39A3-4F4F-9634-1ABBD2F291EA}.Debug|Any CPU.Build.0 = Debug|Any CPU
		{4C539942-39A3-4F4F-9634-1ABBD2F291EA}.Debug|Mixed Platforms.ActiveCfg = Debug|Any CPU
		{4C539942-39A3-4F4F-9634-1ABBD2F291EA}.Debug|Mixed Platforms.Build.0 = Debug|Any CPU
		{4C539942-39A3-4F4F-9634-1ABBD2F291EA}.Debug|x86.ActiveCfg = Debug|Any CPU
		{4C539942-39A3-4F4F-9634-1ABBD2F291EA}.Release|Any CPU.ActiveCfg = Release|Any CPU
		{4C539942-39A3-4F4F-9634-1ABBD2F291EA}.Release|Any CPU.Build.0 = Release|Any CPU
		{4C539942-39A3-4F4F-9634-1ABBD2F291EA}.Release|Mixed Platforms.ActiveCfg = Release|Any CPU
		{4C539942-39A3-4F4F-9634-1ABBD2F291EA}.Release|Mixed Platforms.Build.0 = Release|Any CPU
		{4C539942-39A3-4F4F-9634-1ABBD2F291EA}.Release|x86.ActiveCfg = Release|Any CPU
		{4C539942-39A3-4F4F-9634-1ABBD2F291EA}.TestLive|Any CPU.ActiveCfg = TestLive|Any CPU
		{4C539942-39A3-4F4F-9634-1ABBD2F291EA}.TestLive|Any CPU.Build.0 = TestLive|Any CPU
		{4C539942-39A3-4F4F-9634-1ABBD2F291EA}.TestLive|Mixed Platforms.ActiveCfg = TestLive|Any CPU
		{4C539942-39A3-4F4F-9634-1ABBD2F291EA}.TestLive|Mixed Platforms.Build.0 = TestLive|Any CPU
		{4C539942-39A3-4F4F-9634-1ABBD2F291EA}.TestLive|x86.ActiveCfg = TestLive|Any CPU
		{733D0B54-E4F3-4F67-B151-1607E73FDF04}.Debug|Any CPU.ActiveCfg = Debug|x86
		{733D0B54-E4F3-4F67-B151-1607E73FDF04}.Debug|Mixed Platforms.ActiveCfg = Debug|x86
		{733D0B54-E4F3-4F67-B151-1607E73FDF04}.Debug|Mixed Platforms.Build.0 = Debug|x86
		{733D0B54-E4F3-4F67-B151-1607E73FDF04}.Debug|x86.ActiveCfg = Debug|x86
		{733D0B54-E4F3-4F67-B151-1607E73FDF04}.Debug|x86.Build.0 = Debug|x86
		{733D0B54-E4F3-4F67-B151-1607E73FDF04}.Release|Any CPU.ActiveCfg = Release|x86
		{733D0B54-E4F3-4F67-B151-1607E73FDF04}.Release|Mixed Platforms.ActiveCfg = Release|x86
		{733D0B54-E4F3-4F67-B151-1607E73FDF04}.Release|Mixed Platforms.Build.0 = Release|x86
		{733D0B54-E4F3-4F67-B151-1607E73FDF04}.Release|x86.ActiveCfg = Release|x86
		{733D0B54-E4F3-4F67-B151-1607E73FDF04}.Release|x86.Build.0 = Release|x86
		{733D0B54-E4F3-4F67-B151-1607E73FDF04}.TestLive|Any CPU.ActiveCfg = Release|x86
		{733D0B54-E4F3-4F67-B151-1607E73FDF04}.TestLive|Mixed Platforms.ActiveCfg = TestLive|x86
		{733D0B54-E4F3-4F67-B151-1607E73FDF04}.TestLive|Mixed Platforms.Build.0 = TestLive|x86
		{733D0B54-E4F3-4F67-B151-1607E73FDF04}.TestLive|x86.ActiveCfg = Release|x86
		{733D0B54-E4F3-4F67-B151-1607E73FDF04}.TestLive|x86.Build.0 = Release|x86
		{897B0044-BC62-42AE-B9B2-7E2DA6E8528C}.Debug|Any CPU.ActiveCfg = Debug|Any CPU
		{897B0044-BC62-42AE-B9B2-7E2DA6E8528C}.Debug|Any CPU.Build.0 = Debug|Any CPU
		{897B0044-BC62-42AE-B9B2-7E2DA6E8528C}.Debug|Mixed Platforms.ActiveCfg = Debug|Any CPU
		{897B0044-BC62-42AE-B9B2-7E2DA6E8528C}.Debug|Mixed Platforms.Build.0 = Debug|Any CPU
		{897B0044-BC62-42AE-B9B2-7E2DA6E8528C}.Debug|x86.ActiveCfg = Debug|Any CPU
		{897B0044-BC62-42AE-B9B2-7E2DA6E8528C}.Release|Any CPU.ActiveCfg = Release|Any CPU
		{897B0044-BC62-42AE-B9B2-7E2DA6E8528C}.Release|Any CPU.Build.0 = Release|Any CPU
		{897B0044-BC62-42AE-B9B2-7E2DA6E8528C}.Release|Mixed Platforms.ActiveCfg = Release|Any CPU
		{897B0044-BC62-42AE-B9B2-7E2DA6E8528C}.Release|Mixed Platforms.Build.0 = Release|Any CPU
		{897B0044-BC62-42AE-B9B2-7E2DA6E8528C}.Release|x86.ActiveCfg = Release|Any CPU
		{897B0044-BC62-42AE-B9B2-7E2DA6E8528C}.TestLive|Any CPU.ActiveCfg = Release|Any CPU
		{897B0044-BC62-42AE-B9B2-7E2DA6E8528C}.TestLive|Any CPU.Build.0 = Release|Any CPU
		{897B0044-BC62-42AE-B9B2-7E2DA6E8528C}.TestLive|Mixed Platforms.ActiveCfg = TestLive|Any CPU
		{897B0044-BC62-42AE-B9B2-7E2DA6E8528C}.TestLive|Mixed Platforms.Build.0 = TestLive|Any CPU
		{897B0044-BC62-42AE-B9B2-7E2DA6E8528C}.TestLive|x86.ActiveCfg = Release|Any CPU
		{269B6241-78C7-40AE-8D93-10EB630A873F}.Debug|Any CPU.ActiveCfg = Debug|Any CPU
		{269B6241-78C7-40AE-8D93-10EB630A873F}.Debug|Any CPU.Build.0 = Debug|Any CPU
		{269B6241-78C7-40AE-8D93-10EB630A873F}.Debug|Mixed Platforms.ActiveCfg = Debug|Any CPU
		{269B6241-78C7-40AE-8D93-10EB630A873F}.Debug|Mixed Platforms.Build.0 = Debug|Any CPU
		{269B6241-78C7-40AE-8D93-10EB630A873F}.Debug|x86.ActiveCfg = Debug|Any CPU
		{269B6241-78C7-40AE-8D93-10EB630A873F}.Release|Any CPU.ActiveCfg = Release|Any CPU
		{269B6241-78C7-40AE-8D93-10EB630A873F}.Release|Any CPU.Build.0 = Release|Any CPU
		{269B6241-78C7-40AE-8D93-10EB630A873F}.Release|Mixed Platforms.ActiveCfg = Release|Any CPU
		{269B6241-78C7-40AE-8D93-10EB630A873F}.Release|Mixed Platforms.Build.0 = Release|Any CPU
		{269B6241-78C7-40AE-8D93-10EB630A873F}.Release|x86.ActiveCfg = Release|Any CPU
		{269B6241-78C7-40AE-8D93-10EB630A873F}.TestLive|Any CPU.ActiveCfg = Release|Any CPU
		{269B6241-78C7-40AE-8D93-10EB630A873F}.TestLive|Any CPU.Build.0 = Release|Any CPU
		{269B6241-78C7-40AE-8D93-10EB630A873F}.TestLive|Mixed Platforms.ActiveCfg = TestLive|Any CPU
		{269B6241-78C7-40AE-8D93-10EB630A873F}.TestLive|Mixed Platforms.Build.0 = TestLive|Any CPU
		{269B6241-78C7-40AE-8D93-10EB630A873F}.TestLive|x86.ActiveCfg = Release|Any CPU
	EndGlobalSection
	GlobalSection(SolutionProperties) = preSolution
		HideSolutionNode = FALSE
	EndGlobalSection
EndGlobal
